// !$*UTF8*$!
{
	archiveVersion = 1;
	classes = {
	};
	objectVersion = 46;
	objects = {

/* Begin PBXBuildFile section */
		166F0BA81A08137200ABF976 /* main.m in Sources */ = {isa = PBXBuildFile; fileRef = 166F0BA71A08137200ABF976 /* main.m */; };
		166F0BAB1A08137200ABF976 /* AppDelegate.m in Sources */ = {isa = PBXBuildFile; fileRef = 166F0BAA1A08137200ABF976 /* AppDelegate.m */; };
		166F0BB11A08137200ABF976 /* Main.storyboard in Resources */ = {isa = PBXBuildFile; fileRef = 166F0BAF1A08137200ABF976 /* Main.storyboard */; };
		166F0BB61A08137200ABF976 /* LaunchScreen.xib in Resources */ = {isa = PBXBuildFile; fileRef = 166F0BB41A08137200ABF976 /* LaunchScreen.xib */; };
		166F0BC21A08137200ABF976 /* RideAlongTests.m in Sources */ = {isa = PBXBuildFile; fileRef = 166F0BC11A08137200ABF976 /* RideAlongTests.m */; };
		166F0BCF1A0824A300ABF976 /* MapKit.framework in Frameworks */ = {isa = PBXBuildFile; fileRef = 166F0BCE1A0824A300ABF976 /* MapKit.framework */; };
		166F0BD21A09316600ABF976 /* MyRidesVC.m in Sources */ = {isa = PBXBuildFile; fileRef = 166F0BD11A09316600ABF976 /* MyRidesVC.m */; };
		166F0BD51A09317F00ABF976 /* FindRideDetailsVC.m in Sources */ = {isa = PBXBuildFile; fileRef = 166F0BD41A09317F00ABF976 /* FindRideDetailsVC.m */; };
		166F0BD81A09342500ABF976 /* CreateRideDetailsVC.m in Sources */ = {isa = PBXBuildFile; fileRef = 166F0BD71A09342500ABF976 /* CreateRideDetailsVC.m */; };
		1689E68C1A1466FE0089EF6B /* MyMKPointAnnotation.m in Sources */ = {isa = PBXBuildFile; fileRef = 1689E68B1A1466FE0089EF6B /* MyMKPointAnnotation.m */; };
		1689E68F1A1473B10089EF6B /* MyCustomPin.m in Sources */ = {isa = PBXBuildFile; fileRef = 1689E68E1A1473B10089EF6B /* MyCustomPin.m */; };
		16C21B5F1A0AB14000EEF533 /* CreateChooseResortVC.m in Sources */ = {isa = PBXBuildFile; fileRef = 16C21B5E1A0AB14000EEF533 /* CreateChooseResortVC.m */; };
		16C21B621A0AB18800EEF533 /* FindRideMapVC.m in Sources */ = {isa = PBXBuildFile; fileRef = 16C21B611A0AB18800EEF533 /* FindRideMapVC.m */; };
		16C21B651A0AC42400EEF533 /* Resort.m in Sources */ = {isa = PBXBuildFile; fileRef = 16C21B641A0AC42400EEF533 /* Resort.m */; };
		16C21B9A1A0DFF4D00EEF533 /* FindOrCreateRideVC.m in Sources */ = {isa = PBXBuildFile; fileRef = 16C21B991A0DFF4D00EEF533 /* FindOrCreateRideVC.m */; };
		16C21B9E1A0E059500EEF533 /* Images.xcassets in Resources */ = {isa = PBXBuildFile; fileRef = 16C21B9D1A0E059500EEF533 /* Images.xcassets */; };
		16C21BA11A0F04F400EEF533 /* CreateMapStartPointVC.m in Sources */ = {isa = PBXBuildFile; fileRef = 16C21BA01A0F04F400EEF533 /* CreateMapStartPointVC.m */; };
		BC8D68161A08181100BBD653 /* Bolts.framework in Frameworks */ = {isa = PBXBuildFile; fileRef = BC8D68131A08181100BBD653 /* Bolts.framework */; };
		BC8D68171A08181100BBD653 /* Parse.framework in Frameworks */ = {isa = PBXBuildFile; fileRef = BC8D68141A08181100BBD653 /* Parse.framework */; };
		BC8D68181A08181100BBD653 /* ParseFacebookUtils.framework in Frameworks */ = {isa = PBXBuildFile; fileRef = BC8D68151A08181100BBD653 /* ParseFacebookUtils.framework */; };
		BC8D68241A08190000BBD653 /* Accounts.framework in Frameworks */ = {isa = PBXBuildFile; fileRef = BC8D68191A08190000BBD653 /* Accounts.framework */; };
		BC8D68251A08190000BBD653 /* AdSupport.framework in Frameworks */ = {isa = PBXBuildFile; fileRef = BC8D681A1A08190000BBD653 /* AdSupport.framework */; };
		BC8D68261A08190000BBD653 /* AudioToolbox.framework in Frameworks */ = {isa = PBXBuildFile; fileRef = BC8D681B1A08190000BBD653 /* AudioToolbox.framework */; };
		BC8D68271A08190000BBD653 /* CFNetwork.framework in Frameworks */ = {isa = PBXBuildFile; fileRef = BC8D681C1A08190000BBD653 /* CFNetwork.framework */; };
		BC8D68281A08190000BBD653 /* CoreGraphics.framework in Frameworks */ = {isa = PBXBuildFile; fileRef = BC8D681D1A08190000BBD653 /* CoreGraphics.framework */; };
		BC8D68291A08190000BBD653 /* CoreLocation.framework in Frameworks */ = {isa = PBXBuildFile; fileRef = BC8D681E1A08190000BBD653 /* CoreLocation.framework */; };
		BC8D682A1A08190000BBD653 /* MobileCoreServices.framework in Frameworks */ = {isa = PBXBuildFile; fileRef = BC8D681F1A08190000BBD653 /* MobileCoreServices.framework */; };
		BC8D682B1A08190000BBD653 /* QuartzCore.framework in Frameworks */ = {isa = PBXBuildFile; fileRef = BC8D68201A08190000BBD653 /* QuartzCore.framework */; };
		BC8D682C1A08190000BBD653 /* Security.framework in Frameworks */ = {isa = PBXBuildFile; fileRef = BC8D68211A08190000BBD653 /* Security.framework */; };
		BC8D682D1A08190000BBD653 /* Social.framework in Frameworks */ = {isa = PBXBuildFile; fileRef = BC8D68221A08190000BBD653 /* Social.framework */; };
		BC8D682E1A08190000BBD653 /* SystemConfiguration.framework in Frameworks */ = {isa = PBXBuildFile; fileRef = BC8D68231A08190000BBD653 /* SystemConfiguration.framework */; };
		BC8D68301A08191300BBD653 /* libz.dylib in Frameworks */ = {isa = PBXBuildFile; fileRef = BC8D682F1A08191300BBD653 /* libz.dylib */; };
		BC8D68341A0819EE00BBD653 /* Bolts.framework in Frameworks */ = {isa = PBXBuildFile; fileRef = BC8D68311A0819EE00BBD653 /* Bolts.framework */; };
		BC8D68351A0819EE00BBD653 /* Parse.framework in Frameworks */ = {isa = PBXBuildFile; fileRef = BC8D68321A0819EE00BBD653 /* Parse.framework */; };
		BC8D68361A0819EE00BBD653 /* ParseFacebookUtils.framework in Frameworks */ = {isa = PBXBuildFile; fileRef = BC8D68331A0819EE00BBD653 /* ParseFacebookUtils.framework */; };
		BC8D68381A081A1A00BBD653 /* FacebookSDK.framework in Frameworks */ = {isa = PBXBuildFile; fileRef = BC8D68371A081A1A00BBD653 /* FacebookSDK.framework */; };
/* End PBXBuildFile section */

/* Begin PBXContainerItemProxy section */
		166F0BBC1A08137200ABF976 /* PBXContainerItemProxy */ = {
			isa = PBXContainerItemProxy;
			containerPortal = 166F0B9A1A08137200ABF976 /* Project object */;
			proxyType = 1;
			remoteGlobalIDString = 166F0BA11A08137200ABF976;
			remoteInfo = RideAlong;
		};
/* End PBXContainerItemProxy section */

/* Begin PBXFileReference section */
		166F0BA21A08137200ABF976 /* RideAlong.app */ = {isa = PBXFileReference; explicitFileType = wrapper.application; includeInIndex = 0; path = RideAlong.app; sourceTree = BUILT_PRODUCTS_DIR; };
		166F0BA61A08137200ABF976 /* Info.plist */ = {isa = PBXFileReference; lastKnownFileType = text.plist.xml; path = Info.plist; sourceTree = "<group>"; };
		166F0BA71A08137200ABF976 /* main.m */ = {isa = PBXFileReference; lastKnownFileType = sourcecode.c.objc; path = main.m; sourceTree = "<group>"; };
		166F0BA91A08137200ABF976 /* AppDelegate.h */ = {isa = PBXFileReference; lastKnownFileType = sourcecode.c.h; path = AppDelegate.h; sourceTree = "<group>"; };
		166F0BAA1A08137200ABF976 /* AppDelegate.m */ = {isa = PBXFileReference; lastKnownFileType = sourcecode.c.objc; path = AppDelegate.m; sourceTree = "<group>"; };
		166F0BB01A08137200ABF976 /* Base */ = {isa = PBXFileReference; lastKnownFileType = file.storyboard; name = Base; path = Base.lproj/Main.storyboard; sourceTree = "<group>"; };
		166F0BB51A08137200ABF976 /* Base */ = {isa = PBXFileReference; lastKnownFileType = file.xib; name = Base; path = Base.lproj/LaunchScreen.xib; sourceTree = "<group>"; };
		166F0BBB1A08137200ABF976 /* RideAlongTests.xctest */ = {isa = PBXFileReference; explicitFileType = wrapper.cfbundle; includeInIndex = 0; path = RideAlongTests.xctest; sourceTree = BUILT_PRODUCTS_DIR; };
		166F0BC01A08137200ABF976 /* Info.plist */ = {isa = PBXFileReference; lastKnownFileType = text.plist.xml; path = Info.plist; sourceTree = "<group>"; };
		166F0BC11A08137200ABF976 /* RideAlongTests.m */ = {isa = PBXFileReference; lastKnownFileType = sourcecode.c.objc; path = RideAlongTests.m; sourceTree = "<group>"; };
		166F0BCE1A0824A300ABF976 /* MapKit.framework */ = {isa = PBXFileReference; lastKnownFileType = wrapper.framework; name = MapKit.framework; path = System/Library/Frameworks/MapKit.framework; sourceTree = SDKROOT; };
		166F0BD01A09316600ABF976 /* MyRidesVC.h */ = {isa = PBXFileReference; fileEncoding = 4; lastKnownFileType = sourcecode.c.h; path = MyRidesVC.h; sourceTree = "<group>"; };
		166F0BD11A09316600ABF976 /* MyRidesVC.m */ = {isa = PBXFileReference; fileEncoding = 4; lastKnownFileType = sourcecode.c.objc; path = MyRidesVC.m; sourceTree = "<group>"; };
		166F0BD31A09317F00ABF976 /* FindRideDetailsVC.h */ = {isa = PBXFileReference; fileEncoding = 4; lastKnownFileType = sourcecode.c.h; path = FindRideDetailsVC.h; sourceTree = "<group>"; };
		166F0BD41A09317F00ABF976 /* FindRideDetailsVC.m */ = {isa = PBXFileReference; fileEncoding = 4; lastKnownFileType = sourcecode.c.objc; path = FindRideDetailsVC.m; sourceTree = "<group>"; };
		166F0BD61A09342500ABF976 /* CreateRideDetailsVC.h */ = {isa = PBXFileReference; fileEncoding = 4; lastKnownFileType = sourcecode.c.h; path = CreateRideDetailsVC.h; sourceTree = "<group>"; };
		166F0BD71A09342500ABF976 /* CreateRideDetailsVC.m */ = {isa = PBXFileReference; fileEncoding = 4; lastKnownFileType = sourcecode.c.objc; path = CreateRideDetailsVC.m; sourceTree = "<group>"; };
		1689E68A1A1466FE0089EF6B /* MyMKPointAnnotation.h */ = {isa = PBXFileReference; fileEncoding = 4; lastKnownFileType = sourcecode.c.h; path = MyMKPointAnnotation.h; sourceTree = "<group>"; };
		1689E68B1A1466FE0089EF6B /* MyMKPointAnnotation.m */ = {isa = PBXFileReference; fileEncoding = 4; lastKnownFileType = sourcecode.c.objc; path = MyMKPointAnnotation.m; sourceTree = "<group>"; };
		1689E68D1A1473B10089EF6B /* MyCustomPin.h */ = {isa = PBXFileReference; fileEncoding = 4; lastKnownFileType = sourcecode.c.h; path = MyCustomPin.h; sourceTree = "<group>"; };
		1689E68E1A1473B10089EF6B /* MyCustomPin.m */ = {isa = PBXFileReference; fileEncoding = 4; lastKnownFileType = sourcecode.c.objc; path = MyCustomPin.m; sourceTree = "<group>"; };
		16C21B5D1A0AB14000EEF533 /* CreateChooseResortVC.h */ = {isa = PBXFileReference; fileEncoding = 4; lastKnownFileType = sourcecode.c.h; path = CreateChooseResortVC.h; sourceTree = "<group>"; };
		16C21B5E1A0AB14000EEF533 /* CreateChooseResortVC.m */ = {isa = PBXFileReference; fileEncoding = 4; lastKnownFileType = sourcecode.c.objc; path = CreateChooseResortVC.m; sourceTree = "<group>"; };
		16C21B601A0AB18800EEF533 /* FindRideMapVC.h */ = {isa = PBXFileReference; fileEncoding = 4; lastKnownFileType = sourcecode.c.h; path = FindRideMapVC.h; sourceTree = "<group>"; };
		16C21B611A0AB18800EEF533 /* FindRideMapVC.m */ = {isa = PBXFileReference; fileEncoding = 4; lastKnownFileType = sourcecode.c.objc; path = FindRideMapVC.m; sourceTree = "<group>"; };
		16C21B631A0AC42400EEF533 /* Resort.h */ = {isa = PBXFileReference; fileEncoding = 4; lastKnownFileType = sourcecode.c.h; path = Resort.h; sourceTree = "<group>"; };
		16C21B641A0AC42400EEF533 /* Resort.m */ = {isa = PBXFileReference; fileEncoding = 4; lastKnownFileType = sourcecode.c.objc; path = Resort.m; sourceTree = "<group>"; };
		16C21B981A0DFF4D00EEF533 /* FindOrCreateRideVC.h */ = {isa = PBXFileReference; fileEncoding = 4; lastKnownFileType = sourcecode.c.h; path = FindOrCreateRideVC.h; sourceTree = "<group>"; };
		16C21B991A0DFF4D00EEF533 /* FindOrCreateRideVC.m */ = {isa = PBXFileReference; fileEncoding = 4; lastKnownFileType = sourcecode.c.objc; path = FindOrCreateRideVC.m; sourceTree = "<group>"; };
		16C21B9D1A0E059500EEF533 /* Images.xcassets */ = {isa = PBXFileReference; lastKnownFileType = folder.assetcatalog; path = Images.xcassets; sourceTree = "<group>"; };
		16C21B9F1A0F04F400EEF533 /* CreateMapStartPointVC.h */ = {isa = PBXFileReference; fileEncoding = 4; lastKnownFileType = sourcecode.c.h; path = CreateMapStartPointVC.h; sourceTree = "<group>"; };
		16C21BA01A0F04F400EEF533 /* CreateMapStartPointVC.m */ = {isa = PBXFileReference; fileEncoding = 4; lastKnownFileType = sourcecode.c.objc; path = CreateMapStartPointVC.m; sourceTree = "<group>"; };
		BC8D68131A08181100BBD653 /* Bolts.framework */ = {isa = PBXFileReference; lastKnownFileType = wrapper.framework; path = Bolts.framework; sourceTree = "<group>"; };
		BC8D68141A08181100BBD653 /* Parse.framework */ = {isa = PBXFileReference; lastKnownFileType = wrapper.framework; path = Parse.framework; sourceTree = "<group>"; };
		BC8D68151A08181100BBD653 /* ParseFacebookUtils.framework */ = {isa = PBXFileReference; lastKnownFileType = wrapper.framework; path = ParseFacebookUtils.framework; sourceTree = "<group>"; };
		BC8D68191A08190000BBD653 /* Accounts.framework */ = {isa = PBXFileReference; lastKnownFileType = wrapper.framework; name = Accounts.framework; path = System/Library/Frameworks/Accounts.framework; sourceTree = SDKROOT; };
		BC8D681A1A08190000BBD653 /* AdSupport.framework */ = {isa = PBXFileReference; lastKnownFileType = wrapper.framework; name = AdSupport.framework; path = System/Library/Frameworks/AdSupport.framework; sourceTree = SDKROOT; };
		BC8D681B1A08190000BBD653 /* AudioToolbox.framework */ = {isa = PBXFileReference; lastKnownFileType = wrapper.framework; name = AudioToolbox.framework; path = System/Library/Frameworks/AudioToolbox.framework; sourceTree = SDKROOT; };
		BC8D681C1A08190000BBD653 /* CFNetwork.framework */ = {isa = PBXFileReference; lastKnownFileType = wrapper.framework; name = CFNetwork.framework; path = System/Library/Frameworks/CFNetwork.framework; sourceTree = SDKROOT; };
		BC8D681D1A08190000BBD653 /* CoreGraphics.framework */ = {isa = PBXFileReference; lastKnownFileType = wrapper.framework; name = CoreGraphics.framework; path = System/Library/Frameworks/CoreGraphics.framework; sourceTree = SDKROOT; };
		BC8D681E1A08190000BBD653 /* CoreLocation.framework */ = {isa = PBXFileReference; lastKnownFileType = wrapper.framework; name = CoreLocation.framework; path = System/Library/Frameworks/CoreLocation.framework; sourceTree = SDKROOT; };
		BC8D681F1A08190000BBD653 /* MobileCoreServices.framework */ = {isa = PBXFileReference; lastKnownFileType = wrapper.framework; name = MobileCoreServices.framework; path = System/Library/Frameworks/MobileCoreServices.framework; sourceTree = SDKROOT; };
		BC8D68201A08190000BBD653 /* QuartzCore.framework */ = {isa = PBXFileReference; lastKnownFileType = wrapper.framework; name = QuartzCore.framework; path = System/Library/Frameworks/QuartzCore.framework; sourceTree = SDKROOT; };
		BC8D68211A08190000BBD653 /* Security.framework */ = {isa = PBXFileReference; lastKnownFileType = wrapper.framework; name = Security.framework; path = System/Library/Frameworks/Security.framework; sourceTree = SDKROOT; };
		BC8D68221A08190000BBD653 /* Social.framework */ = {isa = PBXFileReference; lastKnownFileType = wrapper.framework; name = Social.framework; path = System/Library/Frameworks/Social.framework; sourceTree = SDKROOT; };
		BC8D68231A08190000BBD653 /* SystemConfiguration.framework */ = {isa = PBXFileReference; lastKnownFileType = wrapper.framework; name = SystemConfiguration.framework; path = System/Library/Frameworks/SystemConfiguration.framework; sourceTree = SDKROOT; };
		BC8D682F1A08191300BBD653 /* libz.dylib */ = {isa = PBXFileReference; lastKnownFileType = "compiled.mach-o.dylib"; name = libz.dylib; path = usr/lib/libz.dylib; sourceTree = SDKROOT; };
		BC8D68311A0819EE00BBD653 /* Bolts.framework */ = {isa = PBXFileReference; lastKnownFileType = wrapper.framework; path = Bolts.framework; sourceTree = "<group>"; };
		BC8D68321A0819EE00BBD653 /* Parse.framework */ = {isa = PBXFileReference; lastKnownFileType = wrapper.framework; path = Parse.framework; sourceTree = "<group>"; };
		BC8D68331A0819EE00BBD653 /* ParseFacebookUtils.framework */ = {isa = PBXFileReference; lastKnownFileType = wrapper.framework; path = ParseFacebookUtils.framework; sourceTree = "<group>"; };
		BC8D68371A081A1A00BBD653 /* FacebookSDK.framework */ = {isa = PBXFileReference; lastKnownFileType = wrapper.framework; path = FacebookSDK.framework; sourceTree = "<group>"; };
/* End PBXFileReference section */

/* Begin PBXFrameworksBuildPhase section */
		166F0B9F1A08137200ABF976 /* Frameworks */ = {
			isa = PBXFrameworksBuildPhase;
			buildActionMask = 2147483647;
			files = (
				166F0BCF1A0824A300ABF976 /* MapKit.framework in Frameworks */,
				BC8D68301A08191300BBD653 /* libz.dylib in Frameworks */,
				BC8D68241A08190000BBD653 /* Accounts.framework in Frameworks */,
				BC8D68251A08190000BBD653 /* AdSupport.framework in Frameworks */,
				BC8D68261A08190000BBD653 /* AudioToolbox.framework in Frameworks */,
				BC8D68271A08190000BBD653 /* CFNetwork.framework in Frameworks */,
				BC8D68281A08190000BBD653 /* CoreGraphics.framework in Frameworks */,
				BC8D68291A08190000BBD653 /* CoreLocation.framework in Frameworks */,
				BC8D68341A0819EE00BBD653 /* Bolts.framework in Frameworks */,
				BC8D68361A0819EE00BBD653 /* ParseFacebookUtils.framework in Frameworks */,
				BC8D682A1A08190000BBD653 /* MobileCoreServices.framework in Frameworks */,
				BC8D682B1A08190000BBD653 /* QuartzCore.framework in Frameworks */,
				BC8D68351A0819EE00BBD653 /* Parse.framework in Frameworks */,
				BC8D682C1A08190000BBD653 /* Security.framework in Frameworks */,
				BC8D68381A081A1A00BBD653 /* FacebookSDK.framework in Frameworks */,
				BC8D682D1A08190000BBD653 /* Social.framework in Frameworks */,
				BC8D682E1A08190000BBD653 /* SystemConfiguration.framework in Frameworks */,
			);
			runOnlyForDeploymentPostprocessing = 0;
		};
		166F0BB81A08137200ABF976 /* Frameworks */ = {
			isa = PBXFrameworksBuildPhase;
			buildActionMask = 2147483647;
			files = (
				BC8D68171A08181100BBD653 /* Parse.framework in Frameworks */,
				BC8D68161A08181100BBD653 /* Bolts.framework in Frameworks */,
				BC8D68181A08181100BBD653 /* ParseFacebookUtils.framework in Frameworks */,
			);
			runOnlyForDeploymentPostprocessing = 0;
		};
/* End PBXFrameworksBuildPhase section */

/* Begin PBXGroup section */
		166F0B991A08137200ABF976 = {
			isa = PBXGroup;
			children = (
				16C21B631A0AC42400EEF533 /* Resort.h */,
				16C21B641A0AC42400EEF533 /* Resort.m */,
				166F0BCE1A0824A300ABF976 /* MapKit.framework */,
				166F0BA41A08137200ABF976 /* RideAlong */,
				166F0BBE1A08137200ABF976 /* RideAlongTests */,
				166F0BA31A08137200ABF976 /* Products */,
			);
			sourceTree = "<group>";
		};
		166F0BA31A08137200ABF976 /* Products */ = {
			isa = PBXGroup;
			children = (
				166F0BA21A08137200ABF976 /* RideAlong.app */,
				166F0BBB1A08137200ABF976 /* RideAlongTests.xctest */,
			);
			name = Products;
			sourceTree = "<group>";
		};
		166F0BA41A08137200ABF976 /* RideAlong */ = {
			isa = PBXGroup;
			children = (
				166F0BCB1A0822F100ABF976 /* Storyboard in Here */,
				166F0BA91A08137200ABF976 /* AppDelegate.h */,
				166F0BAA1A08137200ABF976 /* AppDelegate.m */,
				16C21B981A0DFF4D00EEF533 /* FindOrCreateRideVC.h */,
				16C21B991A0DFF4D00EEF533 /* FindOrCreateRideVC.m */,
				16C21B5D1A0AB14000EEF533 /* CreateChooseResortVC.h */,
				16C21B5E1A0AB14000EEF533 /* CreateChooseResortVC.m */,
				16C21B9F1A0F04F400EEF533 /* CreateMapStartPointVC.h */,
				16C21BA01A0F04F400EEF533 /* CreateMapStartPointVC.m */,
				16C21B601A0AB18800EEF533 /* FindRideMapVC.h */,
				16C21B611A0AB18800EEF533 /* FindRideMapVC.m */,
				166F0BD61A09342500ABF976 /* CreateRideDetailsVC.h */,
				166F0BD71A09342500ABF976 /* CreateRideDetailsVC.m */,
				166F0BD31A09317F00ABF976 /* FindRideDetailsVC.h */,
				166F0BD41A09317F00ABF976 /* FindRideDetailsVC.m */,
				166F0BD01A09316600ABF976 /* MyRidesVC.h */,
				166F0BD11A09316600ABF976 /* MyRidesVC.m */,
				1689E68A1A1466FE0089EF6B /* MyMKPointAnnotation.h */,
				1689E68B1A1466FE0089EF6B /* MyMKPointAnnotation.m */,
				1689E68D1A1473B10089EF6B /* MyCustomPin.h */,
				1689E68E1A1473B10089EF6B /* MyCustomPin.m */,
				16C21B9D1A0E059500EEF533 /* Images.xcassets */,
				166F0BB41A08137200ABF976 /* LaunchScreen.xib */,
				166F0BA51A08137200ABF976 /* Supporting Files */,
			);
			path = RideAlong;
			sourceTree = "<group>";
		};
		166F0BA51A08137200ABF976 /* Supporting Files */ = {
			isa = PBXGroup;
			children = (
				BC8D68371A081A1A00BBD653 /* FacebookSDK.framework */,
				BC8D68311A0819EE00BBD653 /* Bolts.framework */,
				BC8D68321A0819EE00BBD653 /* Parse.framework */,
				BC8D68331A0819EE00BBD653 /* ParseFacebookUtils.framework */,
				BC8D682F1A08191300BBD653 /* libz.dylib */,
				BC8D68191A08190000BBD653 /* Accounts.framework */,
				BC8D681A1A08190000BBD653 /* AdSupport.framework */,
				BC8D681B1A08190000BBD653 /* AudioToolbox.framework */,
				BC8D681C1A08190000BBD653 /* CFNetwork.framework */,
				BC8D681D1A08190000BBD653 /* CoreGraphics.framework */,
				BC8D681E1A08190000BBD653 /* CoreLocation.framework */,
				BC8D681F1A08190000BBD653 /* MobileCoreServices.framework */,
				BC8D68201A08190000BBD653 /* QuartzCore.framework */,
				BC8D68211A08190000BBD653 /* Security.framework */,
				BC8D68221A08190000BBD653 /* Social.framework */,
				BC8D68231A08190000BBD653 /* SystemConfiguration.framework */,
				166F0BA61A08137200ABF976 /* Info.plist */,
				166F0BA71A08137200ABF976 /* main.m */,
			);
			name = "Supporting Files";
			sourceTree = "<group>";
		};
		166F0BBE1A08137200ABF976 /* RideAlongTests */ = {
			isa = PBXGroup;
			children = (
				166F0BC11A08137200ABF976 /* RideAlongTests.m */,
				166F0BBF1A08137200ABF976 /* Supporting Files */,
			);
			path = RideAlongTests;
			sourceTree = "<group>";
		};
		166F0BBF1A08137200ABF976 /* Supporting Files */ = {
			isa = PBXGroup;
			children = (
				BC8D68131A08181100BBD653 /* Bolts.framework */,
				BC8D68141A08181100BBD653 /* Parse.framework */,
				BC8D68151A08181100BBD653 /* ParseFacebookUtils.framework */,
				166F0BC01A08137200ABF976 /* Info.plist */,
			);
			name = "Supporting Files";
			sourceTree = "<group>";
		};
		166F0BCB1A0822F100ABF976 /* Storyboard in Here */ = {
			isa = PBXGroup;
			children = (
				166F0BCC1A08230400ABF976 /* Is anyone else in storyboard? */,
			);
			name = "Storyboard in Here";
			sourceTree = "<group>";
		};
		166F0BCC1A08230400ABF976 /* Is anyone else in storyboard? */ = {
			isa = PBXGroup;
			children = (
				166F0BCD1A08231C00ABF976 /* Grab Storyboard ball! */,
			);
			name = "Is anyone else in storyboard?";
			sourceTree = "<group>";
		};
		166F0BCD1A08231C00ABF976 /* Grab Storyboard ball! */ = {
			isa = PBXGroup;
			children = (
				166F0BAF1A08137200ABF976 /* Main.storyboard */,
			);
			name = "Grab Storyboard ball!";
			sourceTree = "<group>";
		};
/* End PBXGroup section */

/* Begin PBXNativeTarget section */
		166F0BA11A08137200ABF976 /* RideAlong */ = {
			isa = PBXNativeTarget;
			buildConfigurationList = 166F0BC51A08137200ABF976 /* Build configuration list for PBXNativeTarget "RideAlong" */;
			buildPhases = (
				166F0B9E1A08137200ABF976 /* Sources */,
				166F0B9F1A08137200ABF976 /* Frameworks */,
				166F0BA01A08137200ABF976 /* Resources */,
			);
			buildRules = (
			);
			dependencies = (
			);
			name = RideAlong;
			productName = RideAlong;
			productReference = 166F0BA21A08137200ABF976 /* RideAlong.app */;
			productType = "com.apple.product-type.application";
		};
		166F0BBA1A08137200ABF976 /* RideAlongTests */ = {
			isa = PBXNativeTarget;
			buildConfigurationList = 166F0BC81A08137200ABF976 /* Build configuration list for PBXNativeTarget "RideAlongTests" */;
			buildPhases = (
				166F0BB71A08137200ABF976 /* Sources */,
				166F0BB81A08137200ABF976 /* Frameworks */,
				166F0BB91A08137200ABF976 /* Resources */,
			);
			buildRules = (
			);
			dependencies = (
				166F0BBD1A08137200ABF976 /* PBXTargetDependency */,
			);
			name = RideAlongTests;
			productName = RideAlongTests;
			productReference = 166F0BBB1A08137200ABF976 /* RideAlongTests.xctest */;
			productType = "com.apple.product-type.bundle.unit-test";
		};
/* End PBXNativeTarget section */

/* Begin PBXProject section */
		166F0B9A1A08137200ABF976 /* Project object */ = {
			isa = PBXProject;
			attributes = {
				LastUpgradeCheck = 0610;
				ORGANIZATIONNAME = "Wade Sellers";
				TargetAttributes = {
					166F0BA11A08137200ABF976 = {
						CreatedOnToolsVersion = 6.1;
					};
					166F0BBA1A08137200ABF976 = {
						CreatedOnToolsVersion = 6.1;
						TestTargetID = 166F0BA11A08137200ABF976;
					};
				};
			};
			buildConfigurationList = 166F0B9D1A08137200ABF976 /* Build configuration list for PBXProject "RideAlong" */;
			compatibilityVersion = "Xcode 3.2";
			developmentRegion = English;
			hasScannedForEncodings = 0;
			knownRegions = (
				en,
				Base,
			);
			mainGroup = 166F0B991A08137200ABF976;
			productRefGroup = 166F0BA31A08137200ABF976 /* Products */;
			projectDirPath = "";
			projectRoot = "";
			targets = (
				166F0BA11A08137200ABF976 /* RideAlong */,
				166F0BBA1A08137200ABF976 /* RideAlongTests */,
			);
		};
/* End PBXProject section */

/* Begin PBXResourcesBuildPhase section */
		166F0BA01A08137200ABF976 /* Resources */ = {
			isa = PBXResourcesBuildPhase;
			buildActionMask = 2147483647;
			files = (
				16C21B9E1A0E059500EEF533 /* Images.xcassets in Resources */,
				166F0BB11A08137200ABF976 /* Main.storyboard in Resources */,
				166F0BB61A08137200ABF976 /* LaunchScreen.xib in Resources */,
			);
			runOnlyForDeploymentPostprocessing = 0;
		};
		166F0BB91A08137200ABF976 /* Resources */ = {
			isa = PBXResourcesBuildPhase;
			buildActionMask = 2147483647;
			files = (
			);
			runOnlyForDeploymentPostprocessing = 0;
		};
/* End PBXResourcesBuildPhase section */

/* Begin PBXSourcesBuildPhase section */
		166F0B9E1A08137200ABF976 /* Sources */ = {
			isa = PBXSourcesBuildPhase;
			buildActionMask = 2147483647;
			files = (
				16C21BA11A0F04F400EEF533 /* CreateMapStartPointVC.m in Sources */,
				166F0BD51A09317F00ABF976 /* FindRideDetailsVC.m in Sources */,
				16C21B9A1A0DFF4D00EEF533 /* FindOrCreateRideVC.m in Sources */,
				16C21B5F1A0AB14000EEF533 /* CreateChooseResortVC.m in Sources */,
				1689E68F1A1473B10089EF6B /* MyCustomPin.m in Sources */,
				16C21B651A0AC42400EEF533 /* Resort.m in Sources */,
				1689E68C1A1466FE0089EF6B /* MyMKPointAnnotation.m in Sources */,
				16C21B621A0AB18800EEF533 /* FindRideMapVC.m in Sources */,
				166F0BD81A09342500ABF976 /* CreateRideDetailsVC.m in Sources */,
				166F0BAB1A08137200ABF976 /* AppDelegate.m in Sources */,
				166F0BD21A09316600ABF976 /* MyRidesVC.m in Sources */,
				166F0BA81A08137200ABF976 /* main.m in Sources */,
			);
			runOnlyForDeploymentPostprocessing = 0;
		};
		166F0BB71A08137200ABF976 /* Sources */ = {
			isa = PBXSourcesBuildPhase;
			buildActionMask = 2147483647;
			files = (
				166F0BC21A08137200ABF976 /* RideAlongTests.m in Sources */,
			);
			runOnlyForDeploymentPostprocessing = 0;
		};
/* End PBXSourcesBuildPhase section */

/* Begin PBXTargetDependency section */
		166F0BBD1A08137200ABF976 /* PBXTargetDependency */ = {
			isa = PBXTargetDependency;
			target = 166F0BA11A08137200ABF976 /* RideAlong */;
			targetProxy = 166F0BBC1A08137200ABF976 /* PBXContainerItemProxy */;
		};
/* End PBXTargetDependency section */

/* Begin PBXVariantGroup section */
		166F0BAF1A08137200ABF976 /* Main.storyboard */ = {
			isa = PBXVariantGroup;
			children = (
				166F0BB01A08137200ABF976 /* Base */,
			);
			name = Main.storyboard;
			sourceTree = "<group>";
		};
		166F0BB41A08137200ABF976 /* LaunchScreen.xib */ = {
			isa = PBXVariantGroup;
			children = (
				166F0BB51A08137200ABF976 /* Base */,
			);
			name = LaunchScreen.xib;
			sourceTree = "<group>";
		};
/* End PBXVariantGroup section */

/* Begin XCBuildConfiguration section */
		166F0BC31A08137200ABF976 /* Debug */ = {
			isa = XCBuildConfiguration;
			buildSettings = {
				ALWAYS_SEARCH_USER_PATHS = NO;
				CLANG_CXX_LANGUAGE_STANDARD = "gnu++0x";
				CLANG_CXX_LIBRARY = "libc++";
				CLANG_ENABLE_MODULES = YES;
				CLANG_ENABLE_OBJC_ARC = YES;
				CLANG_WARN_BOOL_CONVERSION = YES;
				CLANG_WARN_CONSTANT_CONVERSION = YES;
				CLANG_WARN_DIRECT_OBJC_ISA_USAGE = YES_ERROR;
				CLANG_WARN_EMPTY_BODY = YES;
				CLANG_WARN_ENUM_CONVERSION = YES;
				CLANG_WARN_INT_CONVERSION = YES;
				CLANG_WARN_OBJC_ROOT_CLASS = YES_ERROR;
				CLANG_WARN_UNREACHABLE_CODE = YES;
				CLANG_WARN__DUPLICATE_METHOD_MATCH = YES;
				"CODE_SIGN_IDENTITY[sdk=iphoneos*]" = "iPhone Developer";
				COPY_PHASE_STRIP = NO;
				ENABLE_STRICT_OBJC_MSGSEND = YES;
				GCC_C_LANGUAGE_STANDARD = gnu99;
				GCC_DYNAMIC_NO_PIC = NO;
				GCC_OPTIMIZATION_LEVEL = 0;
				GCC_PREPROCESSOR_DEFINITIONS = (
					"DEBUG=1",
					"$(inherited)",
				);
				GCC_SYMBOLS_PRIVATE_EXTERN = NO;
				GCC_WARN_64_TO_32_BIT_CONVERSION = YES;
				GCC_WARN_ABOUT_RETURN_TYPE = YES_ERROR;
				GCC_WARN_UNDECLARED_SELECTOR = YES;
				GCC_WARN_UNINITIALIZED_AUTOS = YES_AGGRESSIVE;
				GCC_WARN_UNUSED_FUNCTION = YES;
				GCC_WARN_UNUSED_VARIABLE = YES;
				IPHONEOS_DEPLOYMENT_TARGET = 8.1;
				MTL_ENABLE_DEBUG_INFO = YES;
				ONLY_ACTIVE_ARCH = YES;
				SDKROOT = iphoneos;
			};
			name = Debug;
		};
		166F0BC41A08137200ABF976 /* Release */ = {
			isa = XCBuildConfiguration;
			buildSettings = {
				ALWAYS_SEARCH_USER_PATHS = NO;
				CLANG_CXX_LANGUAGE_STANDARD = "gnu++0x";
				CLANG_CXX_LIBRARY = "libc++";
				CLANG_ENABLE_MODULES = YES;
				CLANG_ENABLE_OBJC_ARC = YES;
				CLANG_WARN_BOOL_CONVERSION = YES;
				CLANG_WARN_CONSTANT_CONVERSION = YES;
				CLANG_WARN_DIRECT_OBJC_ISA_USAGE = YES_ERROR;
				CLANG_WARN_EMPTY_BODY = YES;
				CLANG_WARN_ENUM_CONVERSION = YES;
				CLANG_WARN_INT_CONVERSION = YES;
				CLANG_WARN_OBJC_ROOT_CLASS = YES_ERROR;
				CLANG_WARN_UNREACHABLE_CODE = YES;
				CLANG_WARN__DUPLICATE_METHOD_MATCH = YES;
				"CODE_SIGN_IDENTITY[sdk=iphoneos*]" = "iPhone Developer";
				COPY_PHASE_STRIP = YES;
				ENABLE_NS_ASSERTIONS = NO;
				ENABLE_STRICT_OBJC_MSGSEND = YES;
				GCC_C_LANGUAGE_STANDARD = gnu99;
				GCC_WARN_64_TO_32_BIT_CONVERSION = YES;
				GCC_WARN_ABOUT_RETURN_TYPE = YES_ERROR;
				GCC_WARN_UNDECLARED_SELECTOR = YES;
				GCC_WARN_UNINITIALIZED_AUTOS = YES_AGGRESSIVE;
				GCC_WARN_UNUSED_FUNCTION = YES;
				GCC_WARN_UNUSED_VARIABLE = YES;
				IPHONEOS_DEPLOYMENT_TARGET = 8.1;
				MTL_ENABLE_DEBUG_INFO = NO;
				SDKROOT = iphoneos;
				VALIDATE_PRODUCT = YES;
			};
			name = Release;
		};
		166F0BC61A08137200ABF976 /* Debug */ = {
			isa = XCBuildConfiguration;
			buildSettings = {
				ASSETCATALOG_COMPILER_APPICON_NAME = AppIcon;
				FRAMEWORK_SEARCH_PATHS = (
					"$(inherited)",
					"$(PROJECT_DIR)/RideAlong",
				);
				INFOPLIST_FILE = RideAlong/Info.plist;
				LD_RUNPATH_SEARCH_PATHS = "$(inherited) @executable_path/Frameworks";
				PRODUCT_NAME = "$(TARGET_NAME)";
			};
			name = Debug;
		};
		166F0BC71A08137200ABF976 /* Release */ = {
			isa = XCBuildConfiguration;
			buildSettings = {
				ASSETCATALOG_COMPILER_APPICON_NAME = AppIcon;
				FRAMEWORK_SEARCH_PATHS = (
					"$(inherited)",
					"$(PROJECT_DIR)/RideAlong",
				);
				INFOPLIST_FILE = RideAlong/Info.plist;
				LD_RUNPATH_SEARCH_PATHS = "$(inherited) @executable_path/Frameworks";
				PRODUCT_NAME = "$(TARGET_NAME)";
			};
			name = Release;
		};
		166F0BC91A08137200ABF976 /* Debug */ = {
			isa = XCBuildConfiguration;
			buildSettings = {
				BUNDLE_LOADER = "$(TEST_HOST)";
				FRAMEWORK_SEARCH_PATHS = (
					"$(SDKROOT)/Developer/Library/Frameworks",
					"$(inherited)",
					"$(PROJECT_DIR)/RideAlongTests",
				);
				GCC_PREPROCESSOR_DEFINITIONS = (
					"DEBUG=1",
					"$(inherited)",
				);
				INFOPLIST_FILE = RideAlongTests/Info.plist;
				LD_RUNPATH_SEARCH_PATHS = "$(inherited) @executable_path/Frameworks @loader_path/Frameworks";
				PRODUCT_NAME = "$(TARGET_NAME)";
				TEST_HOST = "$(BUILT_PRODUCTS_DIR)/RideAlong.app/RideAlong";
			};
			name = Debug;
		};
		166F0BCA1A08137200ABF976 /* Release */ = {
			isa = XCBuildConfiguration;
			buildSettings = {
				BUNDLE_LOADER = "$(TEST_HOST)";
				FRAMEWORK_SEARCH_PATHS = (
					"$(SDKROOT)/Developer/Library/Frameworks",
					"$(inherited)",
					"$(PROJECT_DIR)/RideAlongTests",
				);
				INFOPLIST_FILE = RideAlongTests/Info.plist;
				LD_RUNPATH_SEARCH_PATHS = "$(inherited) @executable_path/Frameworks @loader_path/Frameworks";
				PRODUCT_NAME = "$(TARGET_NAME)";
				TEST_HOST = "$(BUILT_PRODUCTS_DIR)/RideAlong.app/RideAlong";
			};
			name = Release;
		};
/* End XCBuildConfiguration section */

/* Begin XCConfigurationList section */
		166F0B9D1A08137200ABF976 /* Build configuration list for PBXProject "RideAlong" */ = {
			isa = XCConfigurationList;
			buildConfigurations = (
				166F0BC31A08137200ABF976 /* Debug */,
				166F0BC41A08137200ABF976 /* Release */,
			);
			defaultConfigurationIsVisible = 0;
			defaultConfigurationName = Release;
		};
		166F0BC51A08137200ABF976 /* Build configuration list for PBXNativeTarget "RideAlong" */ = {
			isa = XCConfigurationList;
			buildConfigurations = (
				166F0BC61A08137200ABF976 /* Debug */,
				166F0BC71A08137200ABF976 /* Release */,
			);
			defaultConfigurationIsVisible = 0;
			defaultConfigurationName = Release;
		};
		166F0BC81A08137200ABF976 /* Build configuration list for PBXNativeTarget "RideAlongTests" */ = {
			isa = XCConfigurationList;
			buildConfigurations = (
				166F0BC91A08137200ABF976 /* Debug */,
				166F0BCA1A08137200ABF976 /* Release */,
			);
			defaultConfigurationIsVisible = 0;
			defaultConfigurationName = Release;
		};
/* End XCConfigurationList section */
	};
	rootObject = 166F0B9A1A08137200ABF976 /* Project object */;
}
